
Microsoft Visual Studio Solution File, Format Version 12.00
Project("{2150E333-8FDC-42A3-9474-1A3956D46DE8}") = ".solution-items", ".solution-items", "{3D5CB47A-4E71-43A2-A330-422313298728}"
	ProjectSection(SolutionItems) = preProject
		.editorconfig = .editorconfig
		.gitignore = .gitignore
		Directory.Build.props = Directory.Build.props
	EndProjectSection
EndProject
Project("{FAE04EC0-301F-11D3-BF4B-00C04F79EFBC}") = "ZoomRoom.Persistence", "ZoomRoom.Persistence\ZoomRoom.Persistence.csproj", "{907DD9A7-42DF-48FF-9757-FF80A56DF49D}"
EndProject
Project("{FAE04EC0-301F-11D3-BF4B-00C04F79EFBC}") = "ZoomRoom.Services", "ZoomRoom.Services\ZoomRoom.Services.csproj", "{2A25596A-A103-46B9-9717-AAE127A6438D}"
EndProject
Global
	GlobalSection(SolutionConfigurationPlatforms) = preSolution
		Debug|Any CPU = Debug|Any CPU
		Release|Any CPU = Release|Any CPU
	EndGlobalSection
	GlobalSection(ProjectConfigurationPlatforms) = postSolution

		{907DD9A7-42DF-48FF-9757-FF80A56DF49D}.Debug|Any CPU.ActiveCfg = Debug|Any CPU
		{907DD9A7-42DF-48FF-9757-FF80A56DF49D}.Debug|Any CPU.Build.0 = Debug|Any CPU
		{907DD9A7-42DF-48FF-9757-FF80A56DF49D}.Release|Any CPU.ActiveCfg = Release|Any CPU
		{907DD9A7-42DF-48FF-9757-FF80A56DF49D}.Release|Any CPU.Build.0 = Release|Any CPU
		{2A25596A-A103-46B9-9717-AAE127A6438D}.Debug|Any CPU.ActiveCfg = Debug|Any CPU
		{2A25596A-A103-46B9-9717-AAE127A6438D}.Debug|Any CPU.Build.0 = Debug|Any CPU
		{2A25596A-A103-46B9-9717-AAE127A6438D}.Release|Any CPU.ActiveCfg = Release|Any CPU
		{2A25596A-A103-46B9-9717-AAE127A6438D}.Release|Any CPU.Build.0 = Release|Any CPU
	EndGlobalSection
EndGlobal
