
Microsoft Visual Studio Solution File, Format Version 12.00
# Visual Studio Version 17
VisualStudioVersion = 17.11.35222.181
MinimumVisualStudioVersion = 10.0.40219.1
Project("{FAE04EC0-301F-11D3-BF4B-00C04F79EFBC}") = "Oath2.0", "Oath2.0\Oath2.0.csproj", "{3AC61AE5-A44C-4AA2-8742-40E23439C842}"
EndProject
Global
	GlobalSection(SolutionConfigurationPlatforms) = preSolution
		Debug|Any CPU = Debug|Any CPU
		Release|Any CPU = Release|Any CPU
	EndGlobalSection
	GlobalSection(ProjectConfigurationPlatforms) = postSolution
		{3AC61AE5-A44C-4AA2-8742-40E23439C842}.Debug|Any CPU.ActiveCfg = Debug|Any CPU
		{3AC61AE5-A44C-4AA2-8742-40E23439C842}.Debug|Any CPU.Build.0 = Debug|Any CPU
		{3AC61AE5-A44C-4AA2-8742-40E23439C842}.Release|Any CPU.ActiveCfg = Release|Any CPU
		{3AC61AE5-A44C-4AA2-8742-40E23439C842}.Release|Any CPU.Build.0 = Release|Any CPU
	EndGlobalSection
	GlobalSection(SolutionProperties) = preSolution
		HideSolutionNode = FALSE
	EndGlobalSection
	GlobalSection(ExtensibilityGlobals) = postSolution
		SolutionGuid = {4DC14377-F670-4EA4-80C5-C4A00B03F600}
	EndGlobalSection
EndGlobal
